
Microsoft Visual Studio Solution File, Format Version 12.00
# Visual Studio Version 17
VisualStudioVersion = 17.8.34408.163
MinimumVisualStudioVersion = 10.0.40219.1
Project("{FAE04EC0-301F-11D3-BF4B-00C04F79EFBC}") = "kuiz", "kuiz\kuiz.csproj", "{83054EAC-5D99-4F7D-8A69-4F49C420BA94}"
EndProject
Global
	GlobalSection(SolutionConfigurationPlatforms) = preSolution
		Debug|Any CPU = Debug|Any CPU
		Release|Any CPU = Release|Any CPU
	EndGlobalSection
	GlobalSection(ProjectConfigurationPlatforms) = postSolution
		{83054EAC-5D99-4F7D-8A69-4F49C420BA94}.Debug|Any CPU.ActiveCfg = Debug|Any CPU
		{83054EAC-5D99-4F7D-8A69-4F49C420BA94}.Debug|Any CPU.Build.0 = Debug|Any CPU
		{83054EAC-5D99-4F7D-8A69-4F49C420BA94}.Release|Any CPU.ActiveCfg = Release|Any CPU
		{83054EAC-5D99-4F7D-8A69-4F49C420BA94}.Release|Any CPU.Build.0 = Release|Any CPU
	EndGlobalSection
	GlobalSection(SolutionProperties) = preSolution
		HideSolutionNode = FALSE
	EndGlobalSection
	GlobalSection(ExtensibilityGlobals) = postSolution
		SolutionGuid = {7C4772C2-DE01-4F53-80BA-1DDFF04ECFC5}
	EndGlobalSection
EndGlobal
